// !$*UTF8*$!
{
	archiveVersion = 1;
	classes = {
	};
	objectVersion = 46;
	objects = {

/* Begin PBXBuildFile section */
		812805C71FC519B9008E1373 /* UIColor+SPExtension.swift in Sources */ = {isa = PBXBuildFile; fileRef = 812805C61FC519B9008E1373 /* UIColor+SPExtension.swift */; };
		81E1BEB41ECDE9C400FB3215 /* AppDelegate.swift in Sources */ = {isa = PBXBuildFile; fileRef = 81E1BEB31ECDE9C400FB3215 /* AppDelegate.swift */; };
		81E1BEB61ECDE9C400FB3215 /* ViewController.swift in Sources */ = {isa = PBXBuildFile; fileRef = 81E1BEB51ECDE9C400FB3215 /* ViewController.swift */; };
		81E1BEB91ECDE9C400FB3215 /* Main.storyboard in Resources */ = {isa = PBXBuildFile; fileRef = 81E1BEB71ECDE9C400FB3215 /* Main.storyboard */; };
		81E1BEBB1ECDE9C400FB3215 /* Assets.xcassets in Resources */ = {isa = PBXBuildFile; fileRef = 81E1BEBA1ECDE9C400FB3215 /* Assets.xcassets */; };
		81E1BEBE1ECDE9C400FB3215 /* LaunchScreen.storyboard in Resources */ = {isa = PBXBuildFile; fileRef = 81E1BEBC1ECDE9C400FB3215 /* LaunchScreen.storyboard */; };
		81E1BECB1ECDEACE00FB3215 /* SPPageView.swift in Sources */ = {isa = PBXBuildFile; fileRef = 81E1BECA1ECDEACE00FB3215 /* SPPageView.swift */; };
		81E1BECD1ECDEAEB00FB3215 /* SPTitleView.swift in Sources */ = {isa = PBXBuildFile; fileRef = 81E1BECC1ECDEAEB00FB3215 /* SPTitleView.swift */; };
		81E1BED11ECDEC0400FB3215 /* SPPageStyle.swift in Sources */ = {isa = PBXBuildFile; fileRef = 81E1BED01ECDEC0400FB3215 /* SPPageStyle.swift */; };
		81E1BED31ECDED8E00FB3215 /* SPContentView.swift in Sources */ = {isa = PBXBuildFile; fileRef = 81E1BED21ECDED8E00FB3215 /* SPContentView.swift */; };
/* End PBXBuildFile section */

/* Begin PBXFileReference section */
		812805C61FC519B9008E1373 /* UIColor+SPExtension.swift */ = {isa = PBXFileReference; lastKnownFileType = sourcecode.swift; path = "UIColor+SPExtension.swift"; sourceTree = "<group>"; };
		81E1BEB01ECDE9C400FB3215 /* SPPageView.app */ = {isa = PBXFileReference; explicitFileType = wrapper.application; includeInIndex = 0; path = SPPageView.app; sourceTree = BUILT_PRODUCTS_DIR; };
		81E1BEB31ECDE9C400FB3215 /* AppDelegate.swift */ = {isa = PBXFileReference; lastKnownFileType = sourcecode.swift; path = AppDelegate.swift; sourceTree = "<group>"; };
		81E1BEB51ECDE9C400FB3215 /* ViewController.swift */ = {isa = PBXFileReference; lastKnownFileType = sourcecode.swift; path = ViewController.swift; sourceTree = "<group>"; };
		81E1BEB81ECDE9C400FB3215 /* Base */ = {isa = PBXFileReference; lastKnownFileType = file.storyboard; name = Base; path = Base.lproj/Main.storyboard; sourceTree = "<group>"; };
		81E1BEBA1ECDE9C400FB3215 /* Assets.xcassets */ = {isa = PBXFileReference; lastKnownFileType = folder.assetcatalog; path = Assets.xcassets; sourceTree = "<group>"; };
		81E1BEBD1ECDE9C400FB3215 /* Base */ = {isa = PBXFileReference; lastKnownFileType = file.storyboard; name = Base; path = Base.lproj/LaunchScreen.storyboard; sourceTree = "<group>"; };
		81E1BEBF1ECDE9C400FB3215 /* Info.plist */ = {isa = PBXFileReference; lastKnownFileType = text.plist.xml; path = Info.plist; sourceTree = "<group>"; };
		81E1BECA1ECDEACE00FB3215 /* SPPageView.swift */ = {isa = PBXFileReference; fileEncoding = 4; lastKnownFileType = sourcecode.swift; path = SPPageView.swift; sourceTree = "<group>"; };
		81E1BECC1ECDEAEB00FB3215 /* SPTitleView.swift */ = {isa = PBXFileReference; fileEncoding = 4; lastKnownFileType = sourcecode.swift; path = SPTitleView.swift; sourceTree = "<group>"; };
		81E1BED01ECDEC0400FB3215 /* SPPageStyle.swift */ = {isa = PBXFileReference; fileEncoding = 4; lastKnownFileType = sourcecode.swift; path = SPPageStyle.swift; sourceTree = "<group>"; };
		81E1BED21ECDED8E00FB3215 /* SPContentView.swift */ = {isa = PBXFileReference; fileEncoding = 4; lastKnownFileType = sourcecode.swift; path = SPContentView.swift; sourceTree = "<group>"; };
/* End PBXFileReference section */

/* Begin PBXFrameworksBuildPhase section */
		81E1BEAD1ECDE9C400FB3215 /* Frameworks */ = {
			isa = PBXFrameworksBuildPhase;
			buildActionMask = 2147483647;
			files = (
			);
			runOnlyForDeploymentPostprocessing = 0;
		};
/* End PBXFrameworksBuildPhase section */

/* Begin PBXGroup section */
		81E1BEA71ECDE9C400FB3215 = {
			isa = PBXGroup;
			children = (
				81E1BEB21ECDE9C400FB3215 /* SPPageView */,
				81E1BEB11ECDE9C400FB3215 /* Products */,
			);
			sourceTree = "<group>";
		};
		81E1BEB11ECDE9C400FB3215 /* Products */ = {
			isa = PBXGroup;
			children = (
				81E1BEB01ECDE9C400FB3215 /* SPPageView.app */,
			);
			name = Products;
			sourceTree = "<group>";
		};
		81E1BEB21ECDE9C400FB3215 /* SPPageView */ = {
			isa = PBXGroup;
			children = (
				81E1BEC51ECDEA6500FB3215 /* SPPageView */,
				81E1BEB31ECDE9C400FB3215 /* AppDelegate.swift */,
				81E1BEB51ECDE9C400FB3215 /* ViewController.swift */,
				81E1BEB71ECDE9C400FB3215 /* Main.storyboard */,
				81E1BEBA1ECDE9C400FB3215 /* Assets.xcassets */,
				81E1BEBC1ECDE9C400FB3215 /* LaunchScreen.storyboard */,
				81E1BEBF1ECDE9C400FB3215 /* Info.plist */,
			);
			path = SPPageView;
			sourceTree = "<group>";
		};
		81E1BEC51ECDEA6500FB3215 /* SPPageView */ = {
			isa = PBXGroup;
			children = (
				81E1BECA1ECDEACE00FB3215 /* SPPageView.swift */,
				81E1BECC1ECDEAEB00FB3215 /* SPTitleView.swift */,
				81E1BED21ECDED8E00FB3215 /* SPContentView.swift */,
				81E1BED01ECDEC0400FB3215 /* SPPageStyle.swift */,
				812805C61FC519B9008E1373 /* UIColor+SPExtension.swift */,
			);
			path = SPPageView;
			sourceTree = "<group>";
		};
/* End PBXGroup section */

/* Begin PBXNativeTarget section */
		81E1BEAF1ECDE9C400FB3215 /* SPPageView */ = {
			isa = PBXNativeTarget;
			buildConfigurationList = 81E1BEC21ECDE9C400FB3215 /* Build configuration list for PBXNativeTarget "SPPageView" */;
			buildPhases = (
				81E1BEAC1ECDE9C400FB3215 /* Sources */,
				81E1BEAD1ECDE9C400FB3215 /* Frameworks */,
				81E1BEAE1ECDE9C400FB3215 /* Resources */,
			);
			buildRules = (
			);
			dependencies = (
			);
			name = SPPageView;
			productName = SPPageView;
			productReference = 81E1BEB01ECDE9C400FB3215 /* SPPageView.app */;
			productType = "com.apple.product-type.application";
		};
/* End PBXNativeTarget section */

/* Begin PBXProject section */
		81E1BEA81ECDE9C400FB3215 /* Project object */ = {
			isa = PBXProject;
			attributes = {
				LastSwiftUpdateCheck = 0830;
				LastUpgradeCheck = 0830;
				ORGANIZATIONNAME = simple;
				TargetAttributes = {
					81E1BEAF1ECDE9C400FB3215 = {
						CreatedOnToolsVersion = 8.3.2;
						ProvisioningStyle = Automatic;
					};
				};
			};
			buildConfigurationList = 81E1BEAB1ECDE9C400FB3215 /* Build configuration list for PBXProject "SPPageView" */;
			compatibilityVersion = "Xcode 3.2";
			developmentRegion = English;
			hasScannedForEncodings = 0;
			knownRegions = (
				en,
				Base,
			);
			mainGroup = 81E1BEA71ECDE9C400FB3215;
			productRefGroup = 81E1BEB11ECDE9C400FB3215 /* Products */;
			projectDirPath = "";
			projectRoot = "";
			targets = (
				81E1BEAF1ECDE9C400FB3215 /* SPPageView */,
			);
		};
/* End PBXProject section */

/* Begin PBXResourcesBuildPhase section */
		81E1BEAE1ECDE9C400FB3215 /* Resources */ = {
			isa = PBXResourcesBuildPhase;
			buildActionMask = 2147483647;
			files = (
				81E1BEBE1ECDE9C400FB3215 /* LaunchScreen.storyboard in Resources */,
				81E1BEBB1ECDE9C400FB3215 /* Assets.xcassets in Resources */,
				81E1BEB91ECDE9C400FB3215 /* Main.storyboard in Resources */,
			);
			runOnlyForDeploymentPostprocessing = 0;
		};
/* End PBXResourcesBuildPhase section */

/* Begin PBXSourcesBuildPhase section */
		81E1BEAC1ECDE9C400FB3215 /* Sources */ = {
			isa = PBXSourcesBuildPhase;
			buildActionMask = 2147483647;
			files = (
				81E1BED11ECDEC0400FB3215 /* SPPageStyle.swift in Sources */,
				81E1BECD1ECDEAEB00FB3215 /* SPTitleView.swift in Sources */,
				81E1BEB61ECDE9C400FB3215 /* ViewController.swift in Sources */,
				81E1BED31ECDED8E00FB3215 /* SPContentView.swift in Sources */,
				812805C71FC519B9008E1373 /* UIColor+SPExtension.swift in Sources */,
				81E1BECB1ECDEACE00FB3215 /* SPPageView.swift in Sources */,
				81E1BEB41ECDE9C400FB3215 /* AppDelegate.swift in Sources */,
			);
			runOnlyForDeploymentPostprocessing = 0;
		};
/* End PBXSourcesBuildPhase section */

/* Begin PBXVariantGroup section */
		81E1BEB71ECDE9C400FB3215 /* Main.storyboard */ = {
			isa = PBXVariantGroup;
			children = (
				81E1BEB81ECDE9C400FB3215 /* Base */,
			);
			name = Main.storyboard;
			sourceTree = "<group>";
		};
		81E1BEBC1ECDE9C400FB3215 /* LaunchScreen.storyboard */ = {
			isa = PBXVariantGroup;
			children = (
				81E1BEBD1ECDE9C400FB3215 /* Base */,
			);
			name = LaunchScreen.storyboard;
			sourceTree = "<group>";
		};
/* End PBXVariantGroup section */

/* Begin XCBuildConfiguration section */
		81E1BEC01ECDE9C400FB3215 /* Debug */ = {
			isa = XCBuildConfiguration;
			buildSettings = {
				ALWAYS_SEARCH_USER_PATHS = NO;
				CLANG_ANALYZER_NONNULL = YES;
				CLANG_ANALYZER_NUMBER_OBJECT_CONVERSION = YES_AGGRESSIVE;
				CLANG_CXX_LANGUAGE_STANDARD = "gnu++0x";
				CLANG_CXX_LIBRARY = "libc++";
				CLANG_ENABLE_MODULES = YES;
				CLANG_ENABLE_OBJC_ARC = YES;
				CLANG_WARN_BOOL_CONVERSION = YES;
				CLANG_WARN_CONSTANT_CONVERSION = YES;
				CLANG_WARN_DIRECT_OBJC_ISA_USAGE = YES_ERROR;
				CLANG_WARN_DOCUMENTATION_COMMENTS = YES;
				CLANG_WARN_EMPTY_BODY = YES;
				CLANG_WARN_ENUM_CONVERSION = YES;
				CLANG_WARN_INFINITE_RECURSION = YES;
				CLANG_WARN_INT_CONVERSION = YES;
				CLANG_WARN_OBJC_ROOT_CLASS = YES_ERROR;
				CLANG_WARN_SUSPICIOUS_MOVE = YES;
				CLANG_WARN_UNREACHABLE_CODE = YES;
				CLANG_WARN__DUPLICATE_METHOD_MATCH = YES;
				"CODE_SIGN_IDENTITY[sdk=iphoneos*]" = "iPhone Developer";
				COPY_PHASE_STRIP = NO;
				DEBUG_INFORMATION_FORMAT = dwarf;
				ENABLE_STRICT_OBJC_MSGSEND = YES;
				ENABLE_TESTABILITY = YES;
				GCC_C_LANGUAGE_STANDARD = gnu99;
				GCC_DYNAMIC_NO_PIC = NO;
				GCC_NO_COMMON_BLOCKS = YES;
				GCC_OPTIMIZATION_LEVEL = 0;
				GCC_PREPROCESSOR_DEFINITIONS = (
					"DEBUG=1",
					"$(inherited)",
				);
				GCC_WARN_64_TO_32_BIT_CONVERSION = YES;
				GCC_WARN_ABOUT_RETURN_TYPE = YES_ERROR;
				GCC_WARN_UNDECLARED_SELECTOR = YES;
				GCC_WARN_UNINITIALIZED_AUTOS = YES_AGGRESSIVE;
				GCC_WARN_UNUSED_FUNCTION = YES;
				GCC_WARN_UNUSED_VARIABLE = YES;
				IPHONEOS_DEPLOYMENT_TARGET = 10.3;
				MTL_ENABLE_DEBUG_INFO = YES;
				ONLY_ACTIVE_ARCH = YES;
				SDKROOT = iphoneos;
				SWIFT_ACTIVE_COMPILATION_CONDITIONS = DEBUG;
				SWIFT_OPTIMIZATION_LEVEL = "-Onone";
			};
			name = Debug;
		};
		81E1BEC11ECDE9C400FB3215 /* Release */ = {
			isa = XCBuildConfiguration;
			buildSettings = {
				ALWAYS_SEARCH_USER_PATHS = NO;
				CLANG_ANALYZER_NONNULL = YES;
				CLANG_ANALYZER_NUMBER_OBJECT_CONVERSION = YES_AGGRESSIVE;
				CLANG_CXX_LANGUAGE_STANDARD = "gnu++0x";
				CLANG_CXX_LIBRARY = "libc++";
				CLANG_ENABLE_MODULES = YES;
				CLANG_ENABLE_OBJC_ARC = YES;
				CLANG_WARN_BOOL_CONVERSION = YES;
				CLANG_WARN_CONSTANT_CONVERSION = YES;
				CLANG_WARN_DIRECT_OBJC_ISA_USAGE = YES_ERROR;
				CLANG_WARN_DOCUMENTATION_COMMENTS = YES;
				CLANG_WARN_EMPTY_BODY = YES;
				CLANG_WARN_ENUM_CONVERSION = YES;
				CLANG_WARN_INFINITE_RECURSION = YES;
				CLANG_WARN_INT_CONVERSION = YES;
				CLANG_WARN_OBJC_ROOT_CLASS = YES_ERROR;
				CLANG_WARN_SUSPICIOUS_MOVE = YES;
				CLANG_WARN_UNREACHABLE_CODE = YES;
				CLANG_WARN__DUPLICATE_METHOD_MATCH = YES;
				"CODE_SIGN_IDENTITY[sdk=iphoneos*]" = "iPhone Developer";
				COPY_PHASE_STRIP = NO;
				DEBUG_INFORMATION_FORMAT = "dwarf-with-dsym";
				ENABLE_NS_ASSERTIONS = NO;
				ENABLE_STRICT_OBJC_MSGSEND = YES;
				GCC_C_LANGUAGE_STANDARD = gnu99;
				GCC_NO_COMMON_BLOCKS = YES;
				GCC_WARN_64_TO_32_BIT_CONVERSION = YES;
				GCC_WARN_ABOUT_RETURN_TYPE = YES_ERROR;
				GCC_WARN_UNDECLARED_SELECTOR = YES;
				GCC_WARN_UNINITIALIZED_AUTOS = YES_AGGRESSIVE;
				GCC_WARN_UNUSED_FUNCTION = YES;
				GCC_WARN_UNUSED_VARIABLE = YES;
				IPHONEOS_DEPLOYMENT_TARGET = 10.3;
				MTL_ENABLE_DEBUG_INFO = NO;
				SDKROOT = iphoneos;
				SWIFT_OPTIMIZATION_LEVEL = "-Owholemodule";
				VALIDATE_PRODUCT = YES;
			};
			name = Release;
		};
		81E1BEC31ECDE9C400FB3215 /* Debug */ = {
			isa = XCBuildConfiguration;
			buildSettings = {
				ASSETCATALOG_COMPILER_APPICON_NAME = AppIcon;
				INFOPLIST_FILE = SPPageView/Info.plist;
				LD_RUNPATH_SEARCH_PATHS = "$(inherited) @executable_path/Frameworks";
				PRODUCT_BUNDLE_IDENTIFIER = simple.com.SPPageView;
				PRODUCT_NAME = "$(TARGET_NAME)";
				SWIFT_VERSION = 3.0;
			};
			name = Debug;
		};
		81E1BEC41ECDE9C400FB3215 /* Release */ = {
			isa = XCBuildConfiguration;
			buildSettings = {
				ASSETCATALOG_COMPILER_APPICON_NAME = AppIcon;
				INFOPLIST_FILE = SPPageView/Info.plist;
				LD_RUNPATH_SEARCH_PATHS = "$(inherited) @executable_path/Frameworks";
				PRODUCT_BUNDLE_IDENTIFIER = simple.com.SPPageView;
				PRODUCT_NAME = "$(TARGET_NAME)";
				SWIFT_VERSION = 3.0;
			};
			name = Release;
		};
/* End XCBuildConfiguration section */

/* Begin XCConfigurationList section */
		81E1BEAB1ECDE9C400FB3215 /* Build configuration list for PBXProject "SPPageView" */ = {
			isa = XCConfigurationList;
			buildConfigurations = (
				81E1BEC01ECDE9C400FB3215 /* Debug */,
				81E1BEC11ECDE9C400FB3215 /* Release */,
			);
			defaultConfigurationIsVisible = 0;
			defaultConfigurationName = Release;
		};
		81E1BEC21ECDE9C400FB3215 /* Build configuration list for PBXNativeTarget "SPPageView" */ = {
			isa = XCConfigurationList;
			buildConfigurations = (
				81E1BEC31ECDE9C400FB3215 /* Debug */,
				81E1BEC41ECDE9C400FB3215 /* Release */,
			);
			defaultConfigurationIsVisible = 0;
			defaultConfigurationName = Release;
		};
/* End XCConfigurationList section */
	};
	rootObject = 81E1BEA81ECDE9C400FB3215 /* Project object */;
}
